
Microsoft Visual Studio Solution File, Format Version 12.00
# Visual Studio Version 16
VisualStudioVersion = 16.0.31019.35
MinimumVisualStudioVersion = 10.0.40219.1
Project("{9A19103F-16F7-4668-BE54-9A1E7A4F7556}") = "WorkMotion_WebAPI", "WorkMotion_WebAPI\WorkMotion_WebAPI.csproj", "{B0082964-F465-4199-A4E3-CAC485339E6B}"
EndProject
Global
	GlobalSection(SolutionConfigurationPlatforms) = preSolution
		Debug|Any CPU = Debug|Any CPU
		Release|Any CPU = Release|Any CPU
	EndGlobalSection
	GlobalSection(ProjectConfigurationPlatforms) = postSolution
		{B0082964-F465-4199-A4E3-CAC485339E6B}.Debug|Any CPU.ActiveCfg = Debug|Any CPU
		{B0082964-F465-4199-A4E3-CAC485339E6B}.Debug|Any CPU.Build.0 = Debug|Any CPU
		{B0082964-F465-4199-A4E3-CAC485339E6B}.Release|Any CPU.ActiveCfg = Release|Any CPU
		{B0082964-F465-4199-A4E3-CAC485339E6B}.Release|Any CPU.Build.0 = Release|Any CPU
	EndGlobalSection
	GlobalSection(SolutionProperties) = preSolution
		HideSolutionNode = FALSE
	EndGlobalSection
	GlobalSection(ExtensibilityGlobals) = postSolution
		SolutionGuid = {1F2DB325-A043-424B-B1C7-E7AE92B6CC3D}
	EndGlobalSection
EndGlobal
